// !$*UTF8*$!
{
	archiveVersion = 1;
	classes = {
	};
	objectVersion = 46;
	objects = {

/* Begin PBXBuildFile section */
		DE09CD2216A348C100483034 /* direct.png in Resources */ = {isa = PBXBuildFile; fileRef = DE09CD2116A348C100483034 /* direct.png */; };
		DE09CD2916A34DEE00483034 /* holding.png in Resources */ = {isa = PBXBuildFile; fileRef = DE09CD2816A34DEE00483034 /* holding.png */; };
		DE28A65C16A25FC200429C46 /* clear.png in Resources */ = {isa = PBXBuildFile; fileRef = DE28A65A16A25FC200429C46 /* clear.png */; };
		DE28A65D16A25FC200429C46 /* back.png in Resources */ = {isa = PBXBuildFile; fileRef = DE28A65B16A25FC200429C46 /* back.png */; };
		DE396A58169E0DDC0093C773 /* ils.png in Resources */ = {isa = PBXBuildFile; fileRef = DE396A57169E0DDC0093C773 /* ils.png */; };
		DE44828116A0C13800E36814 /* vor.png in Resources */ = {isa = PBXBuildFile; fileRef = DE44828016A0C13800E36814 /* vor.png */; };
		DE44828416A0C5AD00E36814 /* buttonLarge.png in Resources */ = {isa = PBXBuildFile; fileRef = DE44828216A0C5AD00E36814 /* buttonLarge.png */; };
		DE44828516A0C5AD00E36814 /* button.png in Resources */ = {isa = PBXBuildFile; fileRef = DE44828316A0C5AD00E36814 /* button.png */; };
		DE44828C16A0D1BF00E36814 /* ReadbackHelpViewController.m in Sources */ = {isa = PBXBuildFile; fileRef = DE44828B16A0D1BF00E36814 /* ReadbackHelpViewController.m */; };
		DE44829416A0D96000E36814 /* cmd-speed.png in Resources */ = {isa = PBXBuildFile; fileRef = DE44829316A0D96000E36814 /* cmd-speed.png */; };
		DE46E649169CC6F500C90F72 /* right.png in Resources */ = {isa = PBXBuildFile; fileRef = DE46E648169CC6F500C90F72 /* right.png */; };
		DE46E64F169CC7AD00C90F72 /* left-button.png in Resources */ = {isa = PBXBuildFile; fileRef = DE46E64E169CC7AD00C90F72 /* left-button.png */; };
		DE6602D816A1E70200E8B5E2 /* Icon144.png in Resources */ = {isa = PBXBuildFile; fileRef = DE6602D316A1E70200E8B5E2 /* Icon144.png */; };
		DE6602DA16A1E70200E8B5E2 /* Icon72.png in Resources */ = {isa = PBXBuildFile; fileRef = DE6602D516A1E70200E8B5E2 /* Icon72.png */; };
		DE857FEA169D939C005E8F96 /* hold-short.png in Resources */ = {isa = PBXBuildFile; fileRef = DE857FE9169D939C005E8F96 /* hold-short.png */; };
		DE857FED169D94C2005E8F96 /* climb.png in Resources */ = {isa = PBXBuildFile; fileRef = DE857FEB169D94C2005E8F96 /* climb.png */; };
		DE857FEE169D94C2005E8F96 /* descend.png in Resources */ = {isa = PBXBuildFile; fileRef = DE857FEC169D94C2005E8F96 /* descend.png */; };
		DE857FF2169DA37C005E8F96 /* ndb.png in Resources */ = {isa = PBXBuildFile; fileRef = DE857FF1169DA37C005E8F96 /* ndb.png */; };
		DE857FF4169DA45D005E8F96 /* cat.png in Resources */ = {isa = PBXBuildFile; fileRef = DE857FF3169DA45D005E8F96 /* cat.png */; };
		DE857FF6169DA510005E8F96 /* cross.png in Resources */ = {isa = PBXBuildFile; fileRef = DE857FF5169DA510005E8F96 /* cross.png */; };
		DEB95321169F01380081E734 /* call.png in Resources */ = {isa = PBXBuildFile; fileRef = DEB95320169F01380081E734 /* call.png */; };
		DEDBF47016A370B200AC2B4D /* ReadbackPurchaseViewController.m in Sources */ = {isa = PBXBuildFile; fileRef = DEDBF46F16A370B200AC2B4D /* ReadbackPurchaseViewController.m */; };
		DEEEAB70169A726A00AEFC99 /* UIKit.framework in Frameworks */ = {isa = PBXBuildFile; fileRef = DEEEAB6F169A726A00AEFC99 /* UIKit.framework */; };
		DEEEAB72169A726A00AEFC99 /* Foundation.framework in Frameworks */ = {isa = PBXBuildFile; fileRef = DEEEAB71169A726A00AEFC99 /* Foundation.framework */; };
		DEEEAB74169A726A00AEFC99 /* CoreGraphics.framework in Frameworks */ = {isa = PBXBuildFile; fileRef = DEEEAB73169A726A00AEFC99 /* CoreGraphics.framework */; };
		DEEEAB7A169A726A00AEFC99 /* InfoPlist.strings in Resources */ = {isa = PBXBuildFile; fileRef = DEEEAB78169A726A00AEFC99 /* InfoPlist.strings */; };
		DEEEAB7C169A726A00AEFC99 /* main.m in Sources */ = {isa = PBXBuildFile; fileRef = DEEEAB7B169A726A00AEFC99 /* main.m */; };
		DEEEAB80169A726A00AEFC99 /* ReadbackAppDelegate.m in Sources */ = {isa = PBXBuildFile; fileRef = DEEEAB7F169A726A00AEFC99 /* ReadbackAppDelegate.m */; };
		DEEEAB82169A726A00AEFC99 /* Default.png in Resources */ = {isa = PBXBuildFile; fileRef = DEEEAB81169A726A00AEFC99 /* Default.png */; };
		DEEEAB84169A726A00AEFC99 /* Default@2x.png in Resources */ = {isa = PBXBuildFile; fileRef = DEEEAB83169A726A00AEFC99 /* Default@2x.png */; };
		DEEEAB86169A726A00AEFC99 /* Default-568h@2x.png in Resources */ = {isa = PBXBuildFile; fileRef = DEEEAB85169A726A00AEFC99 /* Default-568h@2x.png */; };
		DEEEAB8C169A726A00AEFC99 /* MainStoryboard_iPad.storyboard in Resources */ = {isa = PBXBuildFile; fileRef = DEEEAB8A169A726A00AEFC99 /* MainStoryboard_iPad.storyboard */; };
		DEEEAB8F169A726A00AEFC99 /* ReadbackViewController.m in Sources */ = {isa = PBXBuildFile; fileRef = DEEEAB8E169A726A00AEFC99 /* ReadbackViewController.m */; };
/* End PBXBuildFile section */

/* Begin PBXFileReference section */
		DE09CD2116A348C100483034 /* direct.png */ = {isa = PBXFileReference; lastKnownFileType = image.png; path = direct.png; sourceTree = "<group>"; };
		DE09CD2816A34DEE00483034 /* holding.png */ = {isa = PBXFileReference; lastKnownFileType = image.png; path = holding.png; sourceTree = "<group>"; };
		DE28A65A16A25FC200429C46 /* clear.png */ = {isa = PBXFileReference; lastKnownFileType = image.png; path = clear.png; sourceTree = "<group>"; };
		DE28A65B16A25FC200429C46 /* back.png */ = {isa = PBXFileReference; lastKnownFileType = image.png; path = back.png; sourceTree = "<group>"; };
		DE396A57169E0DDC0093C773 /* ils.png */ = {isa = PBXFileReference; lastKnownFileType = image.png; path = ils.png; sourceTree = "<group>"; };
		DE44828016A0C13800E36814 /* vor.png */ = {isa = PBXFileReference; lastKnownFileType = image.png; path = vor.png; sourceTree = "<group>"; };
		DE44828216A0C5AD00E36814 /* buttonLarge.png */ = {isa = PBXFileReference; lastKnownFileType = image.png; path = buttonLarge.png; sourceTree = "<group>"; };
		DE44828316A0C5AD00E36814 /* button.png */ = {isa = PBXFileReference; lastKnownFileType = image.png; path = button.png; sourceTree = "<group>"; };
		DE44828A16A0D1BF00E36814 /* ReadbackHelpViewController.h */ = {isa = PBXFileReference; fileEncoding = 4; lastKnownFileType = sourcecode.c.h; path = ReadbackHelpViewController.h; sourceTree = "<group>"; };
		DE44828B16A0D1BF00E36814 /* ReadbackHelpViewController.m */ = {isa = PBXFileReference; fileEncoding = 4; lastKnownFileType = sourcecode.c.objc; path = ReadbackHelpViewController.m; sourceTree = "<group>"; };
		DE44829316A0D96000E36814 /* cmd-speed.png */ = {isa = PBXFileReference; lastKnownFileType = image.png; path = "cmd-speed.png"; sourceTree = "<group>"; };
		DE46E648169CC6F500C90F72 /* right.png */ = {isa = PBXFileReference; lastKnownFileType = image.png; path = right.png; sourceTree = "<group>"; };
		DE46E64E169CC7AD00C90F72 /* left-button.png */ = {isa = PBXFileReference; lastKnownFileType = image.png; path = "left-button.png"; sourceTree = "<group>"; };
		DE6602D316A1E70200E8B5E2 /* Icon144.png */ = {isa = PBXFileReference; lastKnownFileType = image.png; path = Icon144.png; sourceTree = "<group>"; };
		DE6602D516A1E70200E8B5E2 /* Icon72.png */ = {isa = PBXFileReference; lastKnownFileType = image.png; path = Icon72.png; sourceTree = "<group>"; };
		DE857FE9169D939C005E8F96 /* hold-short.png */ = {isa = PBXFileReference; lastKnownFileType = image.png; path = "hold-short.png"; sourceTree = "<group>"; };
		DE857FEB169D94C2005E8F96 /* climb.png */ = {isa = PBXFileReference; lastKnownFileType = image.png; path = climb.png; sourceTree = "<group>"; };
		DE857FEC169D94C2005E8F96 /* descend.png */ = {isa = PBXFileReference; lastKnownFileType = image.png; path = descend.png; sourceTree = "<group>"; };
		DE857FF1169DA37C005E8F96 /* ndb.png */ = {isa = PBXFileReference; lastKnownFileType = image.png; path = ndb.png; sourceTree = "<group>"; };
		DE857FF3169DA45D005E8F96 /* cat.png */ = {isa = PBXFileReference; lastKnownFileType = image.png; path = cat.png; sourceTree = "<group>"; };
		DE857FF5169DA510005E8F96 /* cross.png */ = {isa = PBXFileReference; lastKnownFileType = image.png; path = cross.png; sourceTree = "<group>"; };
		DEB95320169F01380081E734 /* call.png */ = {isa = PBXFileReference; lastKnownFileType = image.png; path = call.png; sourceTree = "<group>"; };
		DEDBF46E16A370B200AC2B4D /* ReadbackPurchaseViewController.h */ = {isa = PBXFileReference; fileEncoding = 4; lastKnownFileType = sourcecode.c.h; path = ReadbackPurchaseViewController.h; sourceTree = "<group>"; };
		DEDBF46F16A370B200AC2B4D /* ReadbackPurchaseViewController.m */ = {isa = PBXFileReference; fileEncoding = 4; lastKnownFileType = sourcecode.c.objc; path = ReadbackPurchaseViewController.m; sourceTree = "<group>"; };
		DEEEAB6B169A726A00AEFC99 /* Readback.app */ = {isa = PBXFileReference; explicitFileType = wrapper.application; includeInIndex = 0; path = Readback.app; sourceTree = BUILT_PRODUCTS_DIR; };
		DEEEAB6F169A726A00AEFC99 /* UIKit.framework */ = {isa = PBXFileReference; lastKnownFileType = wrapper.framework; name = UIKit.framework; path = System/Library/Frameworks/UIKit.framework; sourceTree = SDKROOT; };
		DEEEAB71169A726A00AEFC99 /* Foundation.framework */ = {isa = PBXFileReference; lastKnownFileType = wrapper.framework; name = Foundation.framework; path = System/Library/Frameworks/Foundation.framework; sourceTree = SDKROOT; };
		DEEEAB73169A726A00AEFC99 /* CoreGraphics.framework */ = {isa = PBXFileReference; lastKnownFileType = wrapper.framework; name = CoreGraphics.framework; path = System/Library/Frameworks/CoreGraphics.framework; sourceTree = SDKROOT; };
		DEEEAB77169A726A00AEFC99 /* Readback-Info.plist */ = {isa = PBXFileReference; lastKnownFileType = text.plist.xml; path = "Readback-Info.plist"; sourceTree = "<group>"; };
		DEEEAB79169A726A00AEFC99 /* en */ = {isa = PBXFileReference; lastKnownFileType = text.plist.strings; name = en; path = en.lproj/InfoPlist.strings; sourceTree = "<group>"; };
		DEEEAB7B169A726A00AEFC99 /* main.m */ = {isa = PBXFileReference; lastKnownFileType = sourcecode.c.objc; path = main.m; sourceTree = "<group>"; };
		DEEEAB7D169A726A00AEFC99 /* Readback-Prefix.pch */ = {isa = PBXFileReference; lastKnownFileType = sourcecode.c.h; path = "Readback-Prefix.pch"; sourceTree = "<group>"; };
		DEEEAB7E169A726A00AEFC99 /* ReadbackAppDelegate.h */ = {isa = PBXFileReference; lastKnownFileType = sourcecode.c.h; path = ReadbackAppDelegate.h; sourceTree = "<group>"; };
		DEEEAB7F169A726A00AEFC99 /* ReadbackAppDelegate.m */ = {isa = PBXFileReference; lastKnownFileType = sourcecode.c.objc; path = ReadbackAppDelegate.m; sourceTree = "<group>"; };
		DEEEAB81169A726A00AEFC99 /* Default.png */ = {isa = PBXFileReference; lastKnownFileType = image.png; path = Default.png; sourceTree = "<group>"; };
		DEEEAB83169A726A00AEFC99 /* Default@2x.png */ = {isa = PBXFileReference; lastKnownFileType = image.png; path = "Default@2x.png"; sourceTree = "<group>"; };
		DEEEAB85169A726A00AEFC99 /* Default-568h@2x.png */ = {isa = PBXFileReference; lastKnownFileType = image.png; path = "Default-568h@2x.png"; sourceTree = "<group>"; };
		DEEEAB8B169A726A00AEFC99 /* en */ = {isa = PBXFileReference; lastKnownFileType = file.storyboard; name = en; path = en.lproj/MainStoryboard_iPad.storyboard; sourceTree = "<group>"; };
		DEEEAB8D169A726A00AEFC99 /* ReadbackViewController.h */ = {isa = PBXFileReference; lastKnownFileType = sourcecode.c.h; path = ReadbackViewController.h; sourceTree = "<group>"; };
		DEEEAB8E169A726A00AEFC99 /* ReadbackViewController.m */ = {isa = PBXFileReference; lastKnownFileType = sourcecode.c.objc; path = ReadbackViewController.m; sourceTree = "<group>"; };
/* End PBXFileReference section */

/* Begin PBXFrameworksBuildPhase section */
		DEEEAB68169A726A00AEFC99 /* Frameworks */ = {
			isa = PBXFrameworksBuildPhase;
			buildActionMask = 2147483647;
			files = (
				DEEEAB70169A726A00AEFC99 /* UIKit.framework in Frameworks */,
				DEEEAB72169A726A00AEFC99 /* Foundation.framework in Frameworks */,
				DEEEAB74169A726A00AEFC99 /* CoreGraphics.framework in Frameworks */,
			);
			runOnlyForDeploymentPostprocessing = 0;
		};
/* End PBXFrameworksBuildPhase section */

/* Begin PBXGroup section */
		DE28A65E16A25FCE00429C46 /* Images */ = {
			isa = PBXGroup;
			children = (
				DE44828216A0C5AD00E36814 /* buttonLarge.png */,
				DE44828316A0C5AD00E36814 /* button.png */,
				DE44829316A0D96000E36814 /* cmd-speed.png */,
				DE28A65A16A25FC200429C46 /* clear.png */,
				DE28A65B16A25FC200429C46 /* back.png */,
			);
			name = Images;
			sourceTree = "<group>";
		};
		DE46E63F169CBE3C00C90F72 /* keys */ = {
			isa = PBXGroup;
			children = (
				DE09CD2816A34DEE00483034 /* holding.png */,
				DE09CD2116A348C100483034 /* direct.png */,
				DE44828016A0C13800E36814 /* vor.png */,
				DEB95320169F01380081E734 /* call.png */,
				DE396A57169E0DDC0093C773 /* ils.png */,
				DE857FF5169DA510005E8F96 /* cross.png */,
				DE857FF3169DA45D005E8F96 /* cat.png */,
				DE857FF1169DA37C005E8F96 /* ndb.png */,
				DE857FE9169D939C005E8F96 /* hold-short.png */,
				DE46E64E169CC7AD00C90F72 /* left-button.png */,
				DE46E648169CC6F500C90F72 /* right.png */,
				DE857FEB169D94C2005E8F96 /* climb.png */,
				DE857FEC169D94C2005E8F96 /* descend.png */,
			);
			name = keys;
			sourceTree = "<group>";
		};
		DE6602D016A1E6F400E8B5E2 /* Icons */ = {
			isa = PBXGroup;
			children = (
				DE6602D316A1E70200E8B5E2 /* Icon144.png */,
				DE6602D516A1E70200E8B5E2 /* Icon72.png */,
			);
			name = Icons;
			sourceTree = "<group>";
		};
		DEEEAB60169A726A00AEFC99 = {
			isa = PBXGroup;
			children = (
				DEEEAB75169A726A00AEFC99 /* Readback */,
				DEEEAB6E169A726A00AEFC99 /* Frameworks */,
				DEEEAB6C169A726A00AEFC99 /* Products */,
				DE6602D016A1E6F400E8B5E2 /* Icons */,
				DE28A65E16A25FCE00429C46 /* Images */,
				DE46E63F169CBE3C00C90F72 /* keys */,
			);
			sourceTree = "<group>";
		};
		DEEEAB6C169A726A00AEFC99 /* Products */ = {
			isa = PBXGroup;
			children = (
				DEEEAB6B169A726A00AEFC99 /* Readback.app */,
			);
			name = Products;
			sourceTree = "<group>";
		};
		DEEEAB6E169A726A00AEFC99 /* Frameworks */ = {
			isa = PBXGroup;
			children = (
				DEEEAB6F169A726A00AEFC99 /* UIKit.framework */,
				DEEEAB71169A726A00AEFC99 /* Foundation.framework */,
				DEEEAB73169A726A00AEFC99 /* CoreGraphics.framework */,
			);
			name = Frameworks;
			sourceTree = "<group>";
		};
		DEEEAB75169A726A00AEFC99 /* Readback */ = {
			isa = PBXGroup;
			children = (
				DEEEAB7E169A726A00AEFC99 /* ReadbackAppDelegate.h */,
				DEEEAB7F169A726A00AEFC99 /* ReadbackAppDelegate.m */,
				DEEEAB8A169A726A00AEFC99 /* MainStoryboard_iPad.storyboard */,
				DEEEAB8D169A726A00AEFC99 /* ReadbackViewController.h */,
				DEEEAB8E169A726A00AEFC99 /* ReadbackViewController.m */,
				DE44828A16A0D1BF00E36814 /* ReadbackHelpViewController.h */,
				DE44828B16A0D1BF00E36814 /* ReadbackHelpViewController.m */,
				DEDBF46E16A370B200AC2B4D /* ReadbackPurchaseViewController.h */,
				DEDBF46F16A370B200AC2B4D /* ReadbackPurchaseViewController.m */,
				DEEEAB76169A726A00AEFC99 /* Supporting Files */,
			);
			path = Readback;
			sourceTree = "<group>";
		};
		DEEEAB76169A726A00AEFC99 /* Supporting Files */ = {
			isa = PBXGroup;
			children = (
				DEEEAB77169A726A00AEFC99 /* Readback-Info.plist */,
				DEEEAB78169A726A00AEFC99 /* InfoPlist.strings */,
				DEEEAB7B169A726A00AEFC99 /* main.m */,
				DEEEAB7D169A726A00AEFC99 /* Readback-Prefix.pch */,
				DEEEAB81169A726A00AEFC99 /* Default.png */,
				DEEEAB83169A726A00AEFC99 /* Default@2x.png */,
				DEEEAB85169A726A00AEFC99 /* Default-568h@2x.png */,
			);
			name = "Supporting Files";
			sourceTree = "<group>";
		};
/* End PBXGroup section */

/* Begin PBXNativeTarget section */
		DEEEAB6A169A726A00AEFC99 /* Readback */ = {
			isa = PBXNativeTarget;
			buildConfigurationList = DEEEAB92169A726A00AEFC99 /* Build configuration list for PBXNativeTarget "Readback" */;
			buildPhases = (
				DEEEAB67169A726A00AEFC99 /* Sources */,
				DEEEAB68169A726A00AEFC99 /* Frameworks */,
				DEEEAB69169A726A00AEFC99 /* Resources */,
			);
			buildRules = (
			);
			dependencies = (
			);
			name = Readback;
			productName = Readback;
			productReference = DEEEAB6B169A726A00AEFC99 /* Readback.app */;
			productType = "com.apple.product-type.application";
		};
/* End PBXNativeTarget section */

/* Begin PBXProject section */
		DEEEAB62169A726A00AEFC99 /* Project object */ = {
			isa = PBXProject;
			attributes = {
				CLASSPREFIX = Readback;
				LastUpgradeCheck = 0450;
				ORGANIZATIONNAME = "Santiago Borja";
			};
			buildConfigurationList = DEEEAB65169A726A00AEFC99 /* Build configuration list for PBXProject "Readback" */;
			compatibilityVersion = "Xcode 3.2";
			developmentRegion = English;
			hasScannedForEncodings = 0;
			knownRegions = (
				en,
			);
			mainGroup = DEEEAB60169A726A00AEFC99;
			productRefGroup = DEEEAB6C169A726A00AEFC99 /* Products */;
			projectDirPath = "";
			projectRoot = "";
			targets = (
				DEEEAB6A169A726A00AEFC99 /* Readback */,
			);
		};
/* End PBXProject section */

/* Begin PBXResourcesBuildPhase section */
		DEEEAB69169A726A00AEFC99 /* Resources */ = {
			isa = PBXResourcesBuildPhase;
			buildActionMask = 2147483647;
			files = (
				DEEEAB7A169A726A00AEFC99 /* InfoPlist.strings in Resources */,
				DEEEAB82169A726A00AEFC99 /* Default.png in Resources */,
				DEEEAB84169A726A00AEFC99 /* Default@2x.png in Resources */,
				DEEEAB86169A726A00AEFC99 /* Default-568h@2x.png in Resources */,
				DEEEAB8C169A726A00AEFC99 /* MainStoryboard_iPad.storyboard in Resources */,
				DE46E649169CC6F500C90F72 /* right.png in Resources */,
				DE46E64F169CC7AD00C90F72 /* left-button.png in Resources */,
				DE857FEA169D939C005E8F96 /* hold-short.png in Resources */,
				DE857FED169D94C2005E8F96 /* climb.png in Resources */,
				DE857FEE169D94C2005E8F96 /* descend.png in Resources */,
				DE857FF2169DA37C005E8F96 /* ndb.png in Resources */,
				DE857FF4169DA45D005E8F96 /* cat.png in Resources */,
				DE857FF6169DA510005E8F96 /* cross.png in Resources */,
				DE396A58169E0DDC0093C773 /* ils.png in Resources */,
				DEB95321169F01380081E734 /* call.png in Resources */,
				DE44828116A0C13800E36814 /* vor.png in Resources */,
				DE44828416A0C5AD00E36814 /* buttonLarge.png in Resources */,
				DE44828516A0C5AD00E36814 /* button.png in Resources */,
				DE44829416A0D96000E36814 /* cmd-speed.png in Resources */,
				DE6602D816A1E70200E8B5E2 /* Icon144.png in Resources */,
				DE6602DA16A1E70200E8B5E2 /* Icon72.png in Resources */,
				DE28A65C16A25FC200429C46 /* clear.png in Resources */,
				DE28A65D16A25FC200429C46 /* back.png in Resources */,
				DE09CD2216A348C100483034 /* direct.png in Resources */,
				DE09CD2916A34DEE00483034 /* holding.png in Resources */,
			);
			runOnlyForDeploymentPostprocessing = 0;
		};
/* End PBXResourcesBuildPhase section */

/* Begin PBXSourcesBuildPhase section */
		DEEEAB67169A726A00AEFC99 /* Sources */ = {
			isa = PBXSourcesBuildPhase;
			buildActionMask = 2147483647;
			files = (
				DEEEAB7C169A726A00AEFC99 /* main.m in Sources */,
				DEEEAB80169A726A00AEFC99 /* ReadbackAppDelegate.m in Sources */,
				DEEEAB8F169A726A00AEFC99 /* ReadbackViewController.m in Sources */,
				DE44828C16A0D1BF00E36814 /* ReadbackHelpViewController.m in Sources */,
				DEDBF47016A370B200AC2B4D /* ReadbackPurchaseViewController.m in Sources */,
			);
			runOnlyForDeploymentPostprocessing = 0;
		};
/* End PBXSourcesBuildPhase section */

/* Begin PBXVariantGroup section */
		DEEEAB78169A726A00AEFC99 /* InfoPlist.strings */ = {
			isa = PBXVariantGroup;
			children = (
				DEEEAB79169A726A00AEFC99 /* en */,
			);
			name = InfoPlist.strings;
			sourceTree = "<group>";
		};
		DEEEAB8A169A726A00AEFC99 /* MainStoryboard_iPad.storyboard */ = {
			isa = PBXVariantGroup;
			children = (
				DEEEAB8B169A726A00AEFC99 /* en */,
			);
			name = MainStoryboard_iPad.storyboard;
			sourceTree = "<group>";
		};
/* End PBXVariantGroup section */

/* Begin XCBuildConfiguration section */
		DEEEAB90169A726A00AEFC99 /* Debug */ = {
			isa = XCBuildConfiguration;
			buildSettings = {
				ALWAYS_SEARCH_USER_PATHS = NO;
				CLANG_CXX_LANGUAGE_STANDARD = "gnu++0x";
				CLANG_CXX_LIBRARY = "libc++";
				CLANG_ENABLE_OBJC_ARC = YES;
				CLANG_WARN_EMPTY_BODY = YES;
				CLANG_WARN__DUPLICATE_METHOD_MATCH = YES;
				"CODE_SIGN_IDENTITY[sdk=iphoneos*]" = "iPhone Developer";
				COPY_PHASE_STRIP = NO;
				GCC_C_LANGUAGE_STANDARD = gnu99;
				GCC_DYNAMIC_NO_PIC = NO;
				GCC_OPTIMIZATION_LEVEL = 0;
				GCC_PREPROCESSOR_DEFINITIONS = (
					"DEBUG=1",
					"$(inherited)",
				);
				GCC_SYMBOLS_PRIVATE_EXTERN = NO;
				GCC_WARN_ABOUT_RETURN_TYPE = YES;
				GCC_WARN_UNINITIALIZED_AUTOS = YES;
				GCC_WARN_UNUSED_VARIABLE = YES;
				IPHONEOS_DEPLOYMENT_TARGET = 6.0;
				ONLY_ACTIVE_ARCH = YES;
				SDKROOT = iphoneos;
				TARGETED_DEVICE_FAMILY = "1,2";
			};
			name = Debug;
		};
		DEEEAB91169A726A00AEFC99 /* Release */ = {
			isa = XCBuildConfiguration;
			buildSettings = {
				ALWAYS_SEARCH_USER_PATHS = NO;
				CLANG_CXX_LANGUAGE_STANDARD = "gnu++0x";
				CLANG_CXX_LIBRARY = "libc++";
				CLANG_ENABLE_OBJC_ARC = YES;
				CLANG_WARN_EMPTY_BODY = YES;
				CLANG_WARN__DUPLICATE_METHOD_MATCH = YES;
				"CODE_SIGN_IDENTITY[sdk=iphoneos*]" = "iPhone Developer";
				COPY_PHASE_STRIP = YES;
				GCC_C_LANGUAGE_STANDARD = gnu99;
				GCC_WARN_ABOUT_RETURN_TYPE = YES;
				GCC_WARN_UNINITIALIZED_AUTOS = YES;
				GCC_WARN_UNUSED_VARIABLE = YES;
				IPHONEOS_DEPLOYMENT_TARGET = 6.0;
				OTHER_CFLAGS = "-DNS_BLOCK_ASSERTIONS=1";
				SDKROOT = iphoneos;
				TARGETED_DEVICE_FAMILY = "1,2";
				VALIDATE_PRODUCT = YES;
			};
			name = Release;
		};
		DEEEAB93169A726A00AEFC99 /* Debug */ = {
			isa = XCBuildConfiguration;
			buildSettings = {
				CODE_SIGN_IDENTITY = "iPhone Developer";
				GCC_PRECOMPILE_PREFIX_HEADER = YES;
				GCC_PREFIX_HEADER = "Readback/Readback-Prefix.pch";
				INFOPLIST_FILE = "Readback/Readback-Info.plist";
				IPHONEOS_DEPLOYMENT_TARGET = 5.1;
				PRODUCT_NAME = "$(TARGET_NAME)";
				PROVISIONING_PROFILE = "";
				TARGETED_DEVICE_FAMILY = 2;
				WRAPPER_EXTENSION = app;
			};
			name = Debug;
		};
		DEEEAB94169A726A00AEFC99 /* Release */ = {
			isa = XCBuildConfiguration;
			buildSettings = {
				CODE_SIGN_IDENTITY = "iPhone Distribution";
				"CODE_SIGN_IDENTITY[sdk=iphoneos*]" = "iPhone Distribution";
				GCC_PRECOMPILE_PREFIX_HEADER = YES;
				GCC_PREFIX_HEADER = "Readback/Readback-Prefix.pch";
				INFOPLIST_FILE = "Readback/Readback-Info.plist";
				IPHONEOS_DEPLOYMENT_TARGET = 5.1;
				PRODUCT_NAME = "$(TARGET_NAME)";
				PROVISIONING_PROFILE = "";
				"PROVISIONING_PROFILE[sdk=iphoneos*]" = "";
				TARGETED_DEVICE_FAMILY = 2;
				WRAPPER_EXTENSION = app;
			};
			name = Release;
		};
/* End XCBuildConfiguration section */

/* Begin XCConfigurationList section */
		DEEEAB65169A726A00AEFC99 /* Build configuration list for PBXProject "Readback" */ = {
			isa = XCConfigurationList;
			buildConfigurations = (
				DEEEAB90169A726A00AEFC99 /* Debug */,
				DEEEAB91169A726A00AEFC99 /* Release */,
			);
			defaultConfigurationIsVisible = 0;
			defaultConfigurationName = Release;
		};
		DEEEAB92169A726A00AEFC99 /* Build configuration list for PBXNativeTarget "Readback" */ = {
			isa = XCConfigurationList;
			buildConfigurations = (
				DEEEAB93169A726A00AEFC99 /* Debug */,
				DEEEAB94169A726A00AEFC99 /* Release */,
			);
			defaultConfigurationIsVisible = 0;
			defaultConfigurationName = Release;
		};
/* End XCConfigurationList section */
	};
	rootObject = DEEEAB62169A726A00AEFC99 /* Project object */;
}
