// !$*UTF8*$!
{
	archiveVersion = 1;
	classes = {
	};
	objectVersion = 46;
	objects = {

/* Begin PBXBuildFile section */
		DE09CD2216A348C100483034 /* direct.png in Resources */ = {isa = PBXBuildFile; fileRef = DE09CD2116A348C100483034 /* direct.png */; };
		DE09CD2916A34DEE00483034 /* holding.png in Resources */ = {isa = PBXBuildFile; fileRef = DE09CD2816A34DEE00483034 /* holding.png */; };
		DE1698AB16D97D7600AB45A7 /* help.png in Resources */ = {isa = PBXBuildFile; fileRef = DE1698AA16D97D7600AB45A7 /* help.png */; };
		DE17668016A610A000760990 /* ReadbackPreviewViewController.m in Sources */ = {isa = PBXBuildFile; fileRef = DE17667F16A610A000760990 /* ReadbackPreviewViewController.m */; };
		DE18D64716A4BF0600FB779B /* ReadbackPurchasesTableViewController.m in Sources */ = {isa = PBXBuildFile; fileRef = DE18D64616A4BF0600FB779B /* ReadbackPurchasesTableViewController.m */; };
		DE18D65216A4C2B600FB779B /* ReadbackSalesViewController.m in Sources */ = {isa = PBXBuildFile; fileRef = DE18D65116A4C2B600FB779B /* ReadbackSalesViewController.m */; };
		DE18D65516A4C94900FB779B /* ReadbackStoreTableViewController.m in Sources */ = {isa = PBXBuildFile; fileRef = DE18D65416A4C94900FB779B /* ReadbackStoreTableViewController.m */; };
		DE213EDB16F90BC40004599F /* clearance.png in Resources */ = {isa = PBXBuildFile; fileRef = DE213EDA16F90BC40004599F /* clearance.png */; };
		DE213EDD16F90D4A0004599F /* qwerty.png in Resources */ = {isa = PBXBuildFile; fileRef = DE213EDC16F90D4A0004599F /* qwerty.png */; };
		DE213F2D16F91DAB0004599F /* background.png in Resources */ = {isa = PBXBuildFile; fileRef = DE213F2C16F91DAB0004599F /* background.png */; };
		DE234B3116A5C86400C99AE6 /* ReadbackKeypad.m in Sources */ = {isa = PBXBuildFile; fileRef = DE234B3016A5C86400C99AE6 /* ReadbackKeypad.m */; };
		DE23686916EFB27900C355C8 /* key-help.png in Resources */ = {isa = PBXBuildFile; fileRef = DE23686816EFB27900C355C8 /* key-help.png */; };
		DE28A65C16A25FC200429C46 /* clear.png in Resources */ = {isa = PBXBuildFile; fileRef = DE28A65A16A25FC200429C46 /* clear.png */; };
		DE28A65D16A25FC200429C46 /* back.png in Resources */ = {isa = PBXBuildFile; fileRef = DE28A65B16A25FC200429C46 /* back.png */; };
		DE31ACFB16B87EFB00E5F7B3 /* ReadbackSalesManager.m in Sources */ = {isa = PBXBuildFile; fileRef = DE31ACFA16B87EFB00E5F7B3 /* ReadbackSalesManager.m */; };
		DE396A58169E0DDC0093C773 /* ils.png in Resources */ = {isa = PBXBuildFile; fileRef = DE396A57169E0DDC0093C773 /* ils.png */; };
		DE413D1F16D1321F006E743A /* KeyInterpreter.m in Sources */ = {isa = PBXBuildFile; fileRef = DE413D1E16D1321F006E743A /* KeyInterpreter.m */; };
		DE413D2516D13506006E743A /* QwertyKeypadVC.xib in Resources */ = {isa = PBXBuildFile; fileRef = DE413D2316D13506006E743A /* QwertyKeypadVC.xib */; };
		DE413D2816D1389C006E743A /* KeypadGenerator.m in Sources */ = {isa = PBXBuildFile; fileRef = DE413D2716D1389C006E743A /* KeypadGenerator.m */; };
		DE413D2D16D13B3E006E743A /* ClearanceKeypadVC.xib in Resources */ = {isa = PBXBuildFile; fileRef = DE413D2B16D13B3E006E743A /* ClearanceKeypadVC.xib */; };
		DE41D73116BA197A00883B68 /* StandardKeypadVC.xib in Resources */ = {isa = PBXBuildFile; fileRef = DE41D72F16BA197A00883B68 /* StandardKeypadVC.xib */; };
		DE44828416A0C5AD00E36814 /* buttonLarge.png in Resources */ = {isa = PBXBuildFile; fileRef = DE44828216A0C5AD00E36814 /* buttonLarge.png */; };
		DE44828516A0C5AD00E36814 /* button.png in Resources */ = {isa = PBXBuildFile; fileRef = DE44828316A0C5AD00E36814 /* button.png */; };
		DE44828C16A0D1BF00E36814 /* ReadbackHelpViewController.m in Sources */ = {isa = PBXBuildFile; fileRef = DE44828B16A0D1BF00E36814 /* ReadbackHelpViewController.m */; };
		DE44829416A0D96000E36814 /* cmd-speed.png in Resources */ = {isa = PBXBuildFile; fileRef = DE44829316A0D96000E36814 /* cmd-speed.png */; };
		DE46E649169CC6F500C90F72 /* right.png in Resources */ = {isa = PBXBuildFile; fileRef = DE46E648169CC6F500C90F72 /* right.png */; };
		DE46E64F169CC7AD00C90F72 /* left-button.png in Resources */ = {isa = PBXBuildFile; fileRef = DE46E64E169CC7AD00C90F72 /* left-button.png */; };
		DE4C580916B31C1F004AC4D7 /* clear2.png in Resources */ = {isa = PBXBuildFile; fileRef = DE4C580816B31C1F004AC4D7 /* clear2.png */; };
		DE4C581116B32A72004AC4D7 /* Icon72.png in Resources */ = {isa = PBXBuildFile; fileRef = DE4C580F16B32A72004AC4D7 /* Icon72.png */; };
		DE4C581216B32A72004AC4D7 /* Icon144.png in Resources */ = {isa = PBXBuildFile; fileRef = DE4C581016B32A72004AC4D7 /* Icon144.png */; };
		DE4C581516B32BF3004AC4D7 /* backwards.png in Resources */ = {isa = PBXBuildFile; fileRef = DE4C581316B32BF3004AC4D7 /* backwards.png */; };
		DE4C581616B32BF3004AC4D7 /* forward.png in Resources */ = {isa = PBXBuildFile; fileRef = DE4C581416B32BF3004AC4D7 /* forward.png */; };
		DE4C581816B32CAC004AC4D7 /* plus.png in Resources */ = {isa = PBXBuildFile; fileRef = DE4C581716B32CAC004AC4D7 /* plus.png */; };
		DE4F52D216F268D700A3D842 /* 10-min.png in Resources */ = {isa = PBXBuildFile; fileRef = DE4F52D116F268D700A3D842 /* 10-min.png */; };
		DE4F52D416F26EB100A3D842 /* sqawk.png in Resources */ = {isa = PBXBuildFile; fileRef = DE4F52D316F26EB100A3D842 /* sqawk.png */; };
		DE4F52D816F274CD00A3D842 /* call.png in Resources */ = {isa = PBXBuildFile; fileRef = DE4F52D716F274CD00A3D842 /* call.png */; };
		DE4F52DA16F2C18100A3D842 /* by-time.png in Resources */ = {isa = PBXBuildFile; fileRef = DE4F52D916F2C18100A3D842 /* by-time.png */; };
		DE4F52DE16F2CB0900A3D842 /* sid.png in Resources */ = {isa = PBXBuildFile; fileRef = DE4F52DD16F2CB0900A3D842 /* sid.png */; };
		DE4F52E016F2D05D00A3D842 /* altimeter.png in Resources */ = {isa = PBXBuildFile; fileRef = DE4F52DF16F2D05D00A3D842 /* altimeter.png */; };
		DE52DE3916F351D3001D307E /* StoreKit.framework in Frameworks */ = {isa = PBXBuildFile; fileRef = DE52DE3816F351D3001D307E /* StoreKit.framework */; };
		DE52DE3C16F35437001D307E /* IAPHelper.m in Sources */ = {isa = PBXBuildFile; fileRef = DE52DE3B16F35437001D307E /* IAPHelper.m */; };
		DE52DE4016F36590001D307E /* StandardKeypad.plist in Resources */ = {isa = PBXBuildFile; fileRef = DE52DE3F16F36590001D307E /* StandardKeypad.plist */; };
		DE68E4EE16CFF6B80031123E /* OceanicKeypadVC.xib in Resources */ = {isa = PBXBuildFile; fileRef = DE68E4EC16CFF6B80031123E /* OceanicKeypadVC.xib */; };
		DE68E4F216CFF89B0031123E /* KeypadViewController.m in Sources */ = {isa = PBXBuildFile; fileRef = DE68E4F016CFF89A0031123E /* KeypadViewController.m */; };
		DE857FEA169D939C005E8F96 /* hold-short.png in Resources */ = {isa = PBXBuildFile; fileRef = DE857FE9169D939C005E8F96 /* hold-short.png */; };
		DE857FED169D94C2005E8F96 /* climb.png in Resources */ = {isa = PBXBuildFile; fileRef = DE857FEB169D94C2005E8F96 /* climb.png */; };
		DE857FEE169D94C2005E8F96 /* descend.png in Resources */ = {isa = PBXBuildFile; fileRef = DE857FEC169D94C2005E8F96 /* descend.png */; };
		DE857FF2169DA37C005E8F96 /* ndb.png in Resources */ = {isa = PBXBuildFile; fileRef = DE857FF1169DA37C005E8F96 /* ndb.png */; };
		DE857FF4169DA45D005E8F96 /* cat.png in Resources */ = {isa = PBXBuildFile; fileRef = DE857FF3169DA45D005E8F96 /* cat.png */; };
		DE857FF6169DA510005E8F96 /* cross.png in Resources */ = {isa = PBXBuildFile; fileRef = DE857FF5169DA510005E8F96 /* cross.png */; };
		DE9057C616F12BDA0012B709 /* intc.png in Resources */ = {isa = PBXBuildFile; fileRef = DE9057C516F12BDA0012B709 /* intc.png */; };
		DED941D616D7EA6500C0AC09 /* vor.png in Resources */ = {isa = PBXBuildFile; fileRef = DED941D416D7EA6500C0AC09 /* vor.png */; };
		DED941DE16D7ECF500C0AC09 /* vectors.png in Resources */ = {isa = PBXBuildFile; fileRef = DED941DD16D7ECF500C0AC09 /* vectors.png */; };
		DED941E216D7EFBF00C0AC09 /* rwy.png in Resources */ = {isa = PBXBuildFile; fileRef = DED941E116D7EFBF00C0AC09 /* rwy.png */; };
		DEEEAB70169A726A00AEFC99 /* UIKit.framework in Frameworks */ = {isa = PBXBuildFile; fileRef = DEEEAB6F169A726A00AEFC99 /* UIKit.framework */; };
		DEEEAB72169A726A00AEFC99 /* Foundation.framework in Frameworks */ = {isa = PBXBuildFile; fileRef = DEEEAB71169A726A00AEFC99 /* Foundation.framework */; };
		DEEEAB74169A726A00AEFC99 /* CoreGraphics.framework in Frameworks */ = {isa = PBXBuildFile; fileRef = DEEEAB73169A726A00AEFC99 /* CoreGraphics.framework */; };
		DEEEAB7A169A726A00AEFC99 /* InfoPlist.strings in Resources */ = {isa = PBXBuildFile; fileRef = DEEEAB78169A726A00AEFC99 /* InfoPlist.strings */; };
		DEEEAB7C169A726A00AEFC99 /* main.m in Sources */ = {isa = PBXBuildFile; fileRef = DEEEAB7B169A726A00AEFC99 /* main.m */; };
		DEEEAB80169A726A00AEFC99 /* ReadbackAppDelegate.m in Sources */ = {isa = PBXBuildFile; fileRef = DEEEAB7F169A726A00AEFC99 /* ReadbackAppDelegate.m */; };
		DEEEAB82169A726A00AEFC99 /* Default.png in Resources */ = {isa = PBXBuildFile; fileRef = DEEEAB81169A726A00AEFC99 /* Default.png */; };
		DEEEAB84169A726A00AEFC99 /* Default@2x.png in Resources */ = {isa = PBXBuildFile; fileRef = DEEEAB83169A726A00AEFC99 /* Default@2x.png */; };
		DEEEAB86169A726A00AEFC99 /* Default-568h@2x.png in Resources */ = {isa = PBXBuildFile; fileRef = DEEEAB85169A726A00AEFC99 /* Default-568h@2x.png */; };
		DEEEAB8C169A726A00AEFC99 /* MainStoryboard_iPad.storyboard in Resources */ = {isa = PBXBuildFile; fileRef = DEEEAB8A169A726A00AEFC99 /* MainStoryboard_iPad.storyboard */; };
		DEEEAB8F169A726A00AEFC99 /* ReadbackViewController.m in Sources */ = {isa = PBXBuildFile; fileRef = DEEEAB8E169A726A00AEFC99 /* ReadbackViewController.m */; };
/* End PBXBuildFile section */

/* Begin PBXFileReference section */
		DE09CD2116A348C100483034 /* direct.png */ = {isa = PBXFileReference; lastKnownFileType = image.png; path = direct.png; sourceTree = "<group>"; };
		DE09CD2816A34DEE00483034 /* holding.png */ = {isa = PBXFileReference; lastKnownFileType = image.png; path = holding.png; sourceTree = "<group>"; };
		DE1698AA16D97D7600AB45A7 /* help.png */ = {isa = PBXFileReference; lastKnownFileType = image.png; path = help.png; sourceTree = "<group>"; };
		DE17667E16A610A000760990 /* ReadbackPreviewViewController.h */ = {isa = PBXFileReference; fileEncoding = 4; lastKnownFileType = sourcecode.c.h; path = ReadbackPreviewViewController.h; sourceTree = "<group>"; };
		DE17667F16A610A000760990 /* ReadbackPreviewViewController.m */ = {isa = PBXFileReference; fileEncoding = 4; lastKnownFileType = sourcecode.c.objc; path = ReadbackPreviewViewController.m; sourceTree = "<group>"; };
		DE18D64516A4BF0500FB779B /* ReadbackPurchasesTableViewController.h */ = {isa = PBXFileReference; fileEncoding = 4; lastKnownFileType = sourcecode.c.h; path = ReadbackPurchasesTableViewController.h; sourceTree = "<group>"; };
		DE18D64616A4BF0600FB779B /* ReadbackPurchasesTableViewController.m */ = {isa = PBXFileReference; fileEncoding = 4; lastKnownFileType = sourcecode.c.objc; path = ReadbackPurchasesTableViewController.m; sourceTree = "<group>"; };
		DE18D65016A4C2B600FB779B /* ReadbackSalesViewController.h */ = {isa = PBXFileReference; fileEncoding = 4; lastKnownFileType = sourcecode.c.h; path = ReadbackSalesViewController.h; sourceTree = "<group>"; };
		DE18D65116A4C2B600FB779B /* ReadbackSalesViewController.m */ = {isa = PBXFileReference; fileEncoding = 4; lastKnownFileType = sourcecode.c.objc; path = ReadbackSalesViewController.m; sourceTree = "<group>"; };
		DE18D65316A4C94900FB779B /* ReadbackStoreTableViewController.h */ = {isa = PBXFileReference; fileEncoding = 4; lastKnownFileType = sourcecode.c.h; path = ReadbackStoreTableViewController.h; sourceTree = "<group>"; };
		DE18D65416A4C94900FB779B /* ReadbackStoreTableViewController.m */ = {isa = PBXFileReference; fileEncoding = 4; lastKnownFileType = sourcecode.c.objc; path = ReadbackStoreTableViewController.m; sourceTree = "<group>"; };
		DE213EDA16F90BC40004599F /* clearance.png */ = {isa = PBXFileReference; lastKnownFileType = image.png; path = clearance.png; sourceTree = "<group>"; };
		DE213EDC16F90D4A0004599F /* qwerty.png */ = {isa = PBXFileReference; lastKnownFileType = image.png; path = qwerty.png; sourceTree = "<group>"; };
		DE213F2C16F91DAB0004599F /* background.png */ = {isa = PBXFileReference; lastKnownFileType = image.png; path = background.png; sourceTree = "<group>"; };
		DE234B2F16A5C86400C99AE6 /* ReadbackKeypad.h */ = {isa = PBXFileReference; fileEncoding = 4; lastKnownFileType = sourcecode.c.h; path = ReadbackKeypad.h; sourceTree = "<group>"; };
		DE234B3016A5C86400C99AE6 /* ReadbackKeypad.m */ = {isa = PBXFileReference; fileEncoding = 4; lastKnownFileType = sourcecode.c.objc; path = ReadbackKeypad.m; sourceTree = "<group>"; };
		DE23686816EFB27900C355C8 /* key-help.png */ = {isa = PBXFileReference; lastKnownFileType = image.png; path = "key-help.png"; sourceTree = "<group>"; };
		DE28A65A16A25FC200429C46 /* clear.png */ = {isa = PBXFileReference; lastKnownFileType = image.png; path = clear.png; sourceTree = "<group>"; };
		DE28A65B16A25FC200429C46 /* back.png */ = {isa = PBXFileReference; lastKnownFileType = image.png; path = back.png; sourceTree = "<group>"; };
		DE31ACF916B87EFB00E5F7B3 /* ReadbackSalesManager.h */ = {isa = PBXFileReference; fileEncoding = 4; lastKnownFileType = sourcecode.c.h; path = ReadbackSalesManager.h; sourceTree = "<group>"; };
		DE31ACFA16B87EFB00E5F7B3 /* ReadbackSalesManager.m */ = {isa = PBXFileReference; fileEncoding = 4; lastKnownFileType = sourcecode.c.objc; path = ReadbackSalesManager.m; sourceTree = "<group>"; };
		DE396A57169E0DDC0093C773 /* ils.png */ = {isa = PBXFileReference; lastKnownFileType = image.png; path = ils.png; sourceTree = "<group>"; };
		DE413D1D16D1321F006E743A /* KeyInterpreter.h */ = {isa = PBXFileReference; fileEncoding = 4; lastKnownFileType = sourcecode.c.h; path = KeyInterpreter.h; sourceTree = "<group>"; };
		DE413D1E16D1321F006E743A /* KeyInterpreter.m */ = {isa = PBXFileReference; fileEncoding = 4; lastKnownFileType = sourcecode.c.objc; path = KeyInterpreter.m; sourceTree = "<group>"; };
		DE413D2316D13506006E743A /* QwertyKeypadVC.xib */ = {isa = PBXFileReference; fileEncoding = 4; lastKnownFileType = file.xib; path = QwertyKeypadVC.xib; sourceTree = "<group>"; };
		DE413D2616D1389C006E743A /* KeypadGenerator.h */ = {isa = PBXFileReference; fileEncoding = 4; lastKnownFileType = sourcecode.c.h; path = KeypadGenerator.h; sourceTree = "<group>"; };
		DE413D2716D1389C006E743A /* KeypadGenerator.m */ = {isa = PBXFileReference; fileEncoding = 4; lastKnownFileType = sourcecode.c.objc; path = KeypadGenerator.m; sourceTree = "<group>"; };
		DE413D2B16D13B3E006E743A /* ClearanceKeypadVC.xib */ = {isa = PBXFileReference; fileEncoding = 4; lastKnownFileType = file.xib; path = ClearanceKeypadVC.xib; sourceTree = "<group>"; };
		DE41D72F16BA197A00883B68 /* StandardKeypadVC.xib */ = {isa = PBXFileReference; fileEncoding = 4; lastKnownFileType = file.xib; path = StandardKeypadVC.xib; sourceTree = "<group>"; };
		DE44828216A0C5AD00E36814 /* buttonLarge.png */ = {isa = PBXFileReference; lastKnownFileType = image.png; path = buttonLarge.png; sourceTree = "<group>"; };
		DE44828316A0C5AD00E36814 /* button.png */ = {isa = PBXFileReference; lastKnownFileType = image.png; path = button.png; sourceTree = "<group>"; };
		DE44828A16A0D1BF00E36814 /* ReadbackHelpViewController.h */ = {isa = PBXFileReference; fileEncoding = 4; lastKnownFileType = sourcecode.c.h; path = ReadbackHelpViewController.h; sourceTree = "<group>"; };
		DE44828B16A0D1BF00E36814 /* ReadbackHelpViewController.m */ = {isa = PBXFileReference; fileEncoding = 4; lastKnownFileType = sourcecode.c.objc; path = ReadbackHelpViewController.m; sourceTree = "<group>"; };
		DE44829316A0D96000E36814 /* cmd-speed.png */ = {isa = PBXFileReference; lastKnownFileType = image.png; path = "cmd-speed.png"; sourceTree = "<group>"; };
		DE46E648169CC6F500C90F72 /* right.png */ = {isa = PBXFileReference; lastKnownFileType = image.png; path = right.png; sourceTree = "<group>"; };
		DE46E64E169CC7AD00C90F72 /* left-button.png */ = {isa = PBXFileReference; lastKnownFileType = image.png; path = "left-button.png"; sourceTree = "<group>"; };
		DE4C580816B31C1F004AC4D7 /* clear2.png */ = {isa = PBXFileReference; lastKnownFileType = image.png; path = clear2.png; sourceTree = "<group>"; };
		DE4C580F16B32A72004AC4D7 /* Icon72.png */ = {isa = PBXFileReference; lastKnownFileType = image.png; path = Icon72.png; sourceTree = "<group>"; };
		DE4C581016B32A72004AC4D7 /* Icon144.png */ = {isa = PBXFileReference; lastKnownFileType = image.png; path = Icon144.png; sourceTree = "<group>"; };
		DE4C581316B32BF3004AC4D7 /* backwards.png */ = {isa = PBXFileReference; lastKnownFileType = image.png; path = backwards.png; sourceTree = "<group>"; };
		DE4C581416B32BF3004AC4D7 /* forward.png */ = {isa = PBXFileReference; lastKnownFileType = image.png; path = forward.png; sourceTree = "<group>"; };
		DE4C581716B32CAC004AC4D7 /* plus.png */ = {isa = PBXFileReference; lastKnownFileType = image.png; path = plus.png; sourceTree = "<group>"; };
		DE4F52D116F268D700A3D842 /* 10-min.png */ = {isa = PBXFileReference; lastKnownFileType = image.png; path = "10-min.png"; sourceTree = "<group>"; };
		DE4F52D316F26EB100A3D842 /* sqawk.png */ = {isa = PBXFileReference; lastKnownFileType = image.png; name = sqawk.png; path = Readback/sqawk.png; sourceTree = "<group>"; };
		DE4F52D716F274CD00A3D842 /* call.png */ = {isa = PBXFileReference; lastKnownFileType = image.png; path = call.png; sourceTree = "<group>"; };
		DE4F52D916F2C18100A3D842 /* by-time.png */ = {isa = PBXFileReference; lastKnownFileType = image.png; path = "by-time.png"; sourceTree = "<group>"; };
		DE4F52DD16F2CB0900A3D842 /* sid.png */ = {isa = PBXFileReference; lastKnownFileType = image.png; path = sid.png; sourceTree = "<group>"; };
		DE4F52DF16F2D05D00A3D842 /* altimeter.png */ = {isa = PBXFileReference; lastKnownFileType = image.png; path = altimeter.png; sourceTree = "<group>"; };
		DE52DE3816F351D3001D307E /* StoreKit.framework */ = {isa = PBXFileReference; lastKnownFileType = wrapper.framework; name = StoreKit.framework; path = System/Library/Frameworks/StoreKit.framework; sourceTree = SDKROOT; };
		DE52DE3A16F35437001D307E /* IAPHelper.h */ = {isa = PBXFileReference; fileEncoding = 4; lastKnownFileType = sourcecode.c.h; path = IAPHelper.h; sourceTree = "<group>"; };
		DE52DE3B16F35437001D307E /* IAPHelper.m */ = {isa = PBXFileReference; fileEncoding = 4; lastKnownFileType = sourcecode.c.objc; path = IAPHelper.m; sourceTree = "<group>"; };
		DE52DE3F16F36590001D307E /* StandardKeypad.plist */ = {isa = PBXFileReference; fileEncoding = 4; lastKnownFileType = text.plist.xml; name = StandardKeypad.plist; path = ../StandardKeypad.plist; sourceTree = "<group>"; };
		DE68E4EC16CFF6B80031123E /* OceanicKeypadVC.xib */ = {isa = PBXFileReference; fileEncoding = 4; lastKnownFileType = file.xib; path = OceanicKeypadVC.xib; sourceTree = "<group>"; };
		DE68E4EF16CFF89A0031123E /* KeypadViewController.h */ = {isa = PBXFileReference; fileEncoding = 4; lastKnownFileType = sourcecode.c.h; path = KeypadViewController.h; sourceTree = "<group>"; };
		DE68E4F016CFF89A0031123E /* KeypadViewController.m */ = {isa = PBXFileReference; fileEncoding = 4; lastKnownFileType = sourcecode.c.objc; path = KeypadViewController.m; sourceTree = "<group>"; };
		DE857FE9169D939C005E8F96 /* hold-short.png */ = {isa = PBXFileReference; lastKnownFileType = image.png; path = "hold-short.png"; sourceTree = "<group>"; };
		DE857FEB169D94C2005E8F96 /* climb.png */ = {isa = PBXFileReference; lastKnownFileType = image.png; path = climb.png; sourceTree = "<group>"; };
		DE857FEC169D94C2005E8F96 /* descend.png */ = {isa = PBXFileReference; lastKnownFileType = image.png; path = descend.png; sourceTree = "<group>"; };
		DE857FF1169DA37C005E8F96 /* ndb.png */ = {isa = PBXFileReference; lastKnownFileType = image.png; path = ndb.png; sourceTree = "<group>"; };
		DE857FF3169DA45D005E8F96 /* cat.png */ = {isa = PBXFileReference; lastKnownFileType = image.png; path = cat.png; sourceTree = "<group>"; };
		DE857FF5169DA510005E8F96 /* cross.png */ = {isa = PBXFileReference; lastKnownFileType = image.png; path = cross.png; sourceTree = "<group>"; };
		DE9057C516F12BDA0012B709 /* intc.png */ = {isa = PBXFileReference; lastKnownFileType = image.png; path = intc.png; sourceTree = "<group>"; };
		DED941D416D7EA6500C0AC09 /* vor.png */ = {isa = PBXFileReference; lastKnownFileType = image.png; path = vor.png; sourceTree = "<group>"; };
		DED941DD16D7ECF500C0AC09 /* vectors.png */ = {isa = PBXFileReference; lastKnownFileType = image.png; path = vectors.png; sourceTree = "<group>"; };
		DED941E116D7EFBF00C0AC09 /* rwy.png */ = {isa = PBXFileReference; lastKnownFileType = image.png; path = rwy.png; sourceTree = "<group>"; };
		DEEEAB6B169A726A00AEFC99 /* Readback.app */ = {isa = PBXFileReference; explicitFileType = wrapper.application; includeInIndex = 0; path = Readback.app; sourceTree = BUILT_PRODUCTS_DIR; };
		DEEEAB6F169A726A00AEFC99 /* UIKit.framework */ = {isa = PBXFileReference; lastKnownFileType = wrapper.framework; name = UIKit.framework; path = System/Library/Frameworks/UIKit.framework; sourceTree = SDKROOT; };
		DEEEAB71169A726A00AEFC99 /* Foundation.framework */ = {isa = PBXFileReference; lastKnownFileType = wrapper.framework; name = Foundation.framework; path = System/Library/Frameworks/Foundation.framework; sourceTree = SDKROOT; };
		DEEEAB73169A726A00AEFC99 /* CoreGraphics.framework */ = {isa = PBXFileReference; lastKnownFileType = wrapper.framework; name = CoreGraphics.framework; path = System/Library/Frameworks/CoreGraphics.framework; sourceTree = SDKROOT; };
		DEEEAB77169A726A00AEFC99 /* Readback-Info.plist */ = {isa = PBXFileReference; lastKnownFileType = text.plist.xml; path = "Readback-Info.plist"; sourceTree = "<group>"; };
		DEEEAB79169A726A00AEFC99 /* en */ = {isa = PBXFileReference; lastKnownFileType = text.plist.strings; name = en; path = en.lproj/InfoPlist.strings; sourceTree = "<group>"; };
		DEEEAB7B169A726A00AEFC99 /* main.m */ = {isa = PBXFileReference; lastKnownFileType = sourcecode.c.objc; path = main.m; sourceTree = "<group>"; };
		DEEEAB7D169A726A00AEFC99 /* Readback-Prefix.pch */ = {isa = PBXFileReference; lastKnownFileType = sourcecode.c.h; path = "Readback-Prefix.pch"; sourceTree = "<group>"; };
		DEEEAB7E169A726A00AEFC99 /* ReadbackAppDelegate.h */ = {isa = PBXFileReference; lastKnownFileType = sourcecode.c.h; path = ReadbackAppDelegate.h; sourceTree = "<group>"; };
		DEEEAB7F169A726A00AEFC99 /* ReadbackAppDelegate.m */ = {isa = PBXFileReference; lastKnownFileType = sourcecode.c.objc; path = ReadbackAppDelegate.m; sourceTree = "<group>"; };
		DEEEAB81169A726A00AEFC99 /* Default.png */ = {isa = PBXFileReference; lastKnownFileType = image.png; path = Default.png; sourceTree = "<group>"; };
		DEEEAB83169A726A00AEFC99 /* Default@2x.png */ = {isa = PBXFileReference; lastKnownFileType = image.png; path = "Default@2x.png"; sourceTree = "<group>"; };
		DEEEAB85169A726A00AEFC99 /* Default-568h@2x.png */ = {isa = PBXFileReference; lastKnownFileType = image.png; path = "Default-568h@2x.png"; sourceTree = "<group>"; };
		DEEEAB8B169A726A00AEFC99 /* en */ = {isa = PBXFileReference; lastKnownFileType = file.storyboard; name = en; path = en.lproj/MainStoryboard_iPad.storyboard; sourceTree = "<group>"; };
		DEEEAB8D169A726A00AEFC99 /* ReadbackViewController.h */ = {isa = PBXFileReference; lastKnownFileType = sourcecode.c.h; path = ReadbackViewController.h; sourceTree = "<group>"; };
		DEEEAB8E169A726A00AEFC99 /* ReadbackViewController.m */ = {isa = PBXFileReference; lastKnownFileType = sourcecode.c.objc; path = ReadbackViewController.m; sourceTree = "<group>"; };
/* End PBXFileReference section */

/* Begin PBXFrameworksBuildPhase section */
		DEEEAB68169A726A00AEFC99 /* Frameworks */ = {
			isa = PBXFrameworksBuildPhase;
			buildActionMask = 2147483647;
			files = (
				DE52DE3916F351D3001D307E /* StoreKit.framework in Frameworks */,
				DEEEAB70169A726A00AEFC99 /* UIKit.framework in Frameworks */,
				DEEEAB72169A726A00AEFC99 /* Foundation.framework in Frameworks */,
				DEEEAB74169A726A00AEFC99 /* CoreGraphics.framework in Frameworks */,
			);
			runOnlyForDeploymentPostprocessing = 0;
		};
/* End PBXFrameworksBuildPhase section */

/* Begin PBXGroup section */
		DE17668216A610A800760990 /* Entities */ = {
			isa = PBXGroup;
			children = (
				DE234B2F16A5C86400C99AE6 /* ReadbackKeypad.h */,
				DE234B3016A5C86400C99AE6 /* ReadbackKeypad.m */,
				DE413D1D16D1321F006E743A /* KeyInterpreter.h */,
				DE413D1E16D1321F006E743A /* KeyInterpreter.m */,
				DE413D2616D1389C006E743A /* KeypadGenerator.h */,
				DE413D2716D1389C006E743A /* KeypadGenerator.m */,
			);
			name = Entities;
			sourceTree = "<group>";
		};
		DE17668516A6173600760990 /* Previews */ = {
			isa = PBXGroup;
			children = (
				DE213F2C16F91DAB0004599F /* background.png */,
				DE213EDC16F90D4A0004599F /* qwerty.png */,
				DE213EDA16F90BC40004599F /* clearance.png */,
			);
			name = Previews;
			sourceTree = "<group>";
		};
		DE28A65E16A25FCE00429C46 /* Images */ = {
			isa = PBXGroup;
			children = (
				DE23686816EFB27900C355C8 /* key-help.png */,
				DE4C581716B32CAC004AC4D7 /* plus.png */,
				DE1698AA16D97D7600AB45A7 /* help.png */,
				DE4C581316B32BF3004AC4D7 /* backwards.png */,
				DE4C581416B32BF3004AC4D7 /* forward.png */,
				DE4C580816B31C1F004AC4D7 /* clear2.png */,
				DE44828216A0C5AD00E36814 /* buttonLarge.png */,
				DE44828316A0C5AD00E36814 /* button.png */,
				DE44829316A0D96000E36814 /* cmd-speed.png */,
				DE28A65A16A25FC200429C46 /* clear.png */,
				DE28A65B16A25FC200429C46 /* back.png */,
			);
			name = Images;
			sourceTree = "<group>";
		};
		DE413D2E16D1474F006E743A /* Purchasing */ = {
			isa = PBXGroup;
			children = (
				DE52DE3A16F35437001D307E /* IAPHelper.h */,
				DE52DE3B16F35437001D307E /* IAPHelper.m */,
				DE31ACF916B87EFB00E5F7B3 /* ReadbackSalesManager.h */,
				DE31ACFA16B87EFB00E5F7B3 /* ReadbackSalesManager.m */,
			);
			name = Purchasing;
			sourceTree = "<group>";
		};
		DE413D2F16D14767006E743A /* ViewControllers */ = {
			isa = PBXGroup;
			children = (
				DEEEAB8D169A726A00AEFC99 /* ReadbackViewController.h */,
				DEEEAB8E169A726A00AEFC99 /* ReadbackViewController.m */,
				DE44828A16A0D1BF00E36814 /* ReadbackHelpViewController.h */,
				DE44828B16A0D1BF00E36814 /* ReadbackHelpViewController.m */,
				DE413D3016D14779006E743A /* Purchasing VCs */,
			);
			name = ViewControllers;
			sourceTree = "<group>";
		};
		DE413D3016D14779006E743A /* Purchasing VCs */ = {
			isa = PBXGroup;
			children = (
				DE18D65016A4C2B600FB779B /* ReadbackSalesViewController.h */,
				DE18D65116A4C2B600FB779B /* ReadbackSalesViewController.m */,
				DE413D3216D1479A006E743A /* Table Views */,
				DE413D3116D1478B006E743A /* Preview Purchase */,
			);
			name = "Purchasing VCs";
			sourceTree = "<group>";
		};
		DE413D3116D1478B006E743A /* Preview Purchase */ = {
			isa = PBXGroup;
			children = (
				DE17667E16A610A000760990 /* ReadbackPreviewViewController.h */,
				DE17667F16A610A000760990 /* ReadbackPreviewViewController.m */,
			);
			name = "Preview Purchase";
			sourceTree = "<group>";
		};
		DE413D3216D1479A006E743A /* Table Views */ = {
			isa = PBXGroup;
			children = (
				DE18D64516A4BF0500FB779B /* ReadbackPurchasesTableViewController.h */,
				DE18D64616A4BF0600FB779B /* ReadbackPurchasesTableViewController.m */,
				DE18D65316A4C94900FB779B /* ReadbackStoreTableViewController.h */,
				DE18D65416A4C94900FB779B /* ReadbackStoreTableViewController.m */,
			);
			name = "Table Views";
			sourceTree = "<group>";
		};
		DE41D73216BA197E00883B68 /* Keypads */ = {
			isa = PBXGroup;
			children = (
				DE68E4EF16CFF89A0031123E /* KeypadViewController.h */,
				DE68E4F016CFF89A0031123E /* KeypadViewController.m */,
				DE41D72F16BA197A00883B68 /* StandardKeypadVC.xib */,
				DE52DE3F16F36590001D307E /* StandardKeypad.plist */,
				DE413D2B16D13B3E006E743A /* ClearanceKeypadVC.xib */,
				DE413D2316D13506006E743A /* QwertyKeypadVC.xib */,
				DE68E4EC16CFF6B80031123E /* OceanicKeypadVC.xib */,
			);
			name = Keypads;
			sourceTree = "<group>";
		};
		DE46E63F169CBE3C00C90F72 /* keys */ = {
			isa = PBXGroup;
			children = (
				DE4F52DD16F2CB0900A3D842 /* sid.png */,
				DE4F52DF16F2D05D00A3D842 /* altimeter.png */,
				DE4F52D116F268D700A3D842 /* 10-min.png */,
				DE4F52D916F2C18100A3D842 /* by-time.png */,
				DE4F52D716F274CD00A3D842 /* call.png */,
				DE857FF3169DA45D005E8F96 /* cat.png */,
				DE857FEB169D94C2005E8F96 /* climb.png */,
				DE857FF5169DA510005E8F96 /* cross.png */,
				DE857FEC169D94C2005E8F96 /* descend.png */,
				DE09CD2116A348C100483034 /* direct.png */,
				DE857FE9169D939C005E8F96 /* hold-short.png */,
				DE09CD2816A34DEE00483034 /* holding.png */,
				DE396A57169E0DDC0093C773 /* ils.png */,
				DE9057C516F12BDA0012B709 /* intc.png */,
				DE46E64E169CC7AD00C90F72 /* left-button.png */,
				DE857FF1169DA37C005E8F96 /* ndb.png */,
				DE46E648169CC6F500C90F72 /* right.png */,
				DED941E116D7EFBF00C0AC09 /* rwy.png */,
				DE4F52D316F26EB100A3D842 /* sqawk.png */,
				DED941DD16D7ECF500C0AC09 /* vectors.png */,
				DED941D416D7EA6500C0AC09 /* vor.png */,
			);
			name = keys;
			sourceTree = "<group>";
		};
		DE6602D016A1E6F400E8B5E2 /* Icons */ = {
			isa = PBXGroup;
			children = (
				DE4C580F16B32A72004AC4D7 /* Icon72.png */,
				DE4C581016B32A72004AC4D7 /* Icon144.png */,
			);
			name = Icons;
			sourceTree = "<group>";
		};
		DEEEAB60169A726A00AEFC99 = {
			isa = PBXGroup;
			children = (
				DE52DE3816F351D3001D307E /* StoreKit.framework */,
				DEEEAB75169A726A00AEFC99 /* Readback */,
				DE17668516A6173600760990 /* Previews */,
				DE28A65E16A25FCE00429C46 /* Images */,
				DE46E63F169CBE3C00C90F72 /* keys */,
				DE6602D016A1E6F400E8B5E2 /* Icons */,
				DEEEAB76169A726A00AEFC99 /* Supporting Files */,
				DEEEAB6E169A726A00AEFC99 /* Frameworks */,
				DEEEAB6C169A726A00AEFC99 /* Products */,
			);
			sourceTree = "<group>";
		};
		DEEEAB6C169A726A00AEFC99 /* Products */ = {
			isa = PBXGroup;
			children = (
				DEEEAB6B169A726A00AEFC99 /* Readback.app */,
			);
			name = Products;
			sourceTree = "<group>";
		};
		DEEEAB6E169A726A00AEFC99 /* Frameworks */ = {
			isa = PBXGroup;
			children = (
				DEEEAB6F169A726A00AEFC99 /* UIKit.framework */,
				DEEEAB71169A726A00AEFC99 /* Foundation.framework */,
				DEEEAB73169A726A00AEFC99 /* CoreGraphics.framework */,
			);
			name = Frameworks;
			sourceTree = "<group>";
		};
		DEEEAB75169A726A00AEFC99 /* Readback */ = {
			isa = PBXGroup;
			children = (
				DEEEAB8A169A726A00AEFC99 /* MainStoryboard_iPad.storyboard */,
				DE413D2F16D14767006E743A /* ViewControllers */,
				DE41D73216BA197E00883B68 /* Keypads */,
				DE413D2E16D1474F006E743A /* Purchasing */,
				DE17668216A610A800760990 /* Entities */,
			);
			path = Readback;
			sourceTree = "<group>";
		};
		DEEEAB76169A726A00AEFC99 /* Supporting Files */ = {
			isa = PBXGroup;
			children = (
				DEEEAB7E169A726A00AEFC99 /* ReadbackAppDelegate.h */,
				DEEEAB7F169A726A00AEFC99 /* ReadbackAppDelegate.m */,
				DEEEAB77169A726A00AEFC99 /* Readback-Info.plist */,
				DEEEAB78169A726A00AEFC99 /* InfoPlist.strings */,
				DEEEAB7B169A726A00AEFC99 /* main.m */,
				DEEEAB7D169A726A00AEFC99 /* Readback-Prefix.pch */,
				DEEEAB81169A726A00AEFC99 /* Default.png */,
				DEEEAB83169A726A00AEFC99 /* Default@2x.png */,
				DEEEAB85169A726A00AEFC99 /* Default-568h@2x.png */,
			);
			name = "Supporting Files";
			path = Readback;
			sourceTree = "<group>";
		};
/* End PBXGroup section */

/* Begin PBXNativeTarget section */
		DEEEAB6A169A726A00AEFC99 /* Readback */ = {
			isa = PBXNativeTarget;
			buildConfigurationList = DEEEAB92169A726A00AEFC99 /* Build configuration list for PBXNativeTarget "Readback" */;
			buildPhases = (
				DEEEAB67169A726A00AEFC99 /* Sources */,
				DEEEAB68169A726A00AEFC99 /* Frameworks */,
				DEEEAB69169A726A00AEFC99 /* Resources */,
			);
			buildRules = (
			);
			dependencies = (
			);
			name = Readback;
			productName = Readback;
			productReference = DEEEAB6B169A726A00AEFC99 /* Readback.app */;
			productType = "com.apple.product-type.application";
		};
/* End PBXNativeTarget section */

/* Begin PBXProject section */
		DEEEAB62169A726A00AEFC99 /* Project object */ = {
			isa = PBXProject;
			attributes = {
				CLASSPREFIX = Readback;
				LastUpgradeCheck = 0450;
				ORGANIZATIONNAME = "Santiago Borja";
			};
			buildConfigurationList = DEEEAB65169A726A00AEFC99 /* Build configuration list for PBXProject "Readback" */;
			compatibilityVersion = "Xcode 3.2";
			developmentRegion = English;
			hasScannedForEncodings = 0;
			knownRegions = (
				en,
			);
			mainGroup = DEEEAB60169A726A00AEFC99;
			productRefGroup = DEEEAB6C169A726A00AEFC99 /* Products */;
			projectDirPath = "";
			projectRoot = "";
			targets = (
				DEEEAB6A169A726A00AEFC99 /* Readback */,
			);
		};
/* End PBXProject section */

/* Begin PBXResourcesBuildPhase section */
		DEEEAB69169A726A00AEFC99 /* Resources */ = {
			isa = PBXResourcesBuildPhase;
			buildActionMask = 2147483647;
			files = (
				DEEEAB7A169A726A00AEFC99 /* InfoPlist.strings in Resources */,
				DEEEAB82169A726A00AEFC99 /* Default.png in Resources */,
				DEEEAB84169A726A00AEFC99 /* Default@2x.png in Resources */,
				DEEEAB86169A726A00AEFC99 /* Default-568h@2x.png in Resources */,
				DEEEAB8C169A726A00AEFC99 /* MainStoryboard_iPad.storyboard in Resources */,
				DE46E649169CC6F500C90F72 /* right.png in Resources */,
				DE46E64F169CC7AD00C90F72 /* left-button.png in Resources */,
				DE857FEA169D939C005E8F96 /* hold-short.png in Resources */,
				DE857FED169D94C2005E8F96 /* climb.png in Resources */,
				DE857FEE169D94C2005E8F96 /* descend.png in Resources */,
				DE857FF2169DA37C005E8F96 /* ndb.png in Resources */,
				DE857FF4169DA45D005E8F96 /* cat.png in Resources */,
				DE857FF6169DA510005E8F96 /* cross.png in Resources */,
				DE396A58169E0DDC0093C773 /* ils.png in Resources */,
				DE44828416A0C5AD00E36814 /* buttonLarge.png in Resources */,
				DE44828516A0C5AD00E36814 /* button.png in Resources */,
				DE44829416A0D96000E36814 /* cmd-speed.png in Resources */,
				DE28A65C16A25FC200429C46 /* clear.png in Resources */,
				DE28A65D16A25FC200429C46 /* back.png in Resources */,
				DE09CD2216A348C100483034 /* direct.png in Resources */,
				DE09CD2916A34DEE00483034 /* holding.png in Resources */,
				DE4C580916B31C1F004AC4D7 /* clear2.png in Resources */,
				DE4C581116B32A72004AC4D7 /* Icon72.png in Resources */,
				DE4C581216B32A72004AC4D7 /* Icon144.png in Resources */,
				DE4C581516B32BF3004AC4D7 /* backwards.png in Resources */,
				DE4C581616B32BF3004AC4D7 /* forward.png in Resources */,
				DE4C581816B32CAC004AC4D7 /* plus.png in Resources */,
				DE41D73116BA197A00883B68 /* StandardKeypadVC.xib in Resources */,
				DE68E4EE16CFF6B80031123E /* OceanicKeypadVC.xib in Resources */,
				DE413D2516D13506006E743A /* QwertyKeypadVC.xib in Resources */,
				DE413D2D16D13B3E006E743A /* ClearanceKeypadVC.xib in Resources */,
				DED941D616D7EA6500C0AC09 /* vor.png in Resources */,
				DED941DE16D7ECF500C0AC09 /* vectors.png in Resources */,
				DED941E216D7EFBF00C0AC09 /* rwy.png in Resources */,
				DE1698AB16D97D7600AB45A7 /* help.png in Resources */,
				DE23686916EFB27900C355C8 /* key-help.png in Resources */,
				DE9057C616F12BDA0012B709 /* intc.png in Resources */,
				DE4F52D216F268D700A3D842 /* 10-min.png in Resources */,
				DE4F52D416F26EB100A3D842 /* sqawk.png in Resources */,
				DE4F52D816F274CD00A3D842 /* call.png in Resources */,
				DE4F52DA16F2C18100A3D842 /* by-time.png in Resources */,
				DE4F52DE16F2CB0900A3D842 /* sid.png in Resources */,
				DE4F52E016F2D05D00A3D842 /* altimeter.png in Resources */,
				DE52DE4016F36590001D307E /* StandardKeypad.plist in Resources */,
				DE213EDB16F90BC40004599F /* clearance.png in Resources */,
				DE213EDD16F90D4A0004599F /* qwerty.png in Resources */,
				DE213F2D16F91DAB0004599F /* background.png in Resources */,
			);
			runOnlyForDeploymentPostprocessing = 0;
		};
/* End PBXResourcesBuildPhase section */

/* Begin PBXSourcesBuildPhase section */
		DEEEAB67169A726A00AEFC99 /* Sources */ = {
			isa = PBXSourcesBuildPhase;
			buildActionMask = 2147483647;
			files = (
				DEEEAB7C169A726A00AEFC99 /* main.m in Sources */,
				DEEEAB80169A726A00AEFC99 /* ReadbackAppDelegate.m in Sources */,
				DEEEAB8F169A726A00AEFC99 /* ReadbackViewController.m in Sources */,
				DE44828C16A0D1BF00E36814 /* ReadbackHelpViewController.m in Sources */,
				DE18D64716A4BF0600FB779B /* ReadbackPurchasesTableViewController.m in Sources */,
				DE18D65216A4C2B600FB779B /* ReadbackSalesViewController.m in Sources */,
				DE18D65516A4C94900FB779B /* ReadbackStoreTableViewController.m in Sources */,
				DE234B3116A5C86400C99AE6 /* ReadbackKeypad.m in Sources */,
				DE17668016A610A000760990 /* ReadbackPreviewViewController.m in Sources */,
				DE31ACFB16B87EFB00E5F7B3 /* ReadbackSalesManager.m in Sources */,
				DE68E4F216CFF89B0031123E /* KeypadViewController.m in Sources */,
				DE413D1F16D1321F006E743A /* KeyInterpreter.m in Sources */,
				DE413D2816D1389C006E743A /* KeypadGenerator.m in Sources */,
				DE52DE3C16F35437001D307E /* IAPHelper.m in Sources */,
			);
			runOnlyForDeploymentPostprocessing = 0;
		};
/* End PBXSourcesBuildPhase section */

/* Begin PBXVariantGroup section */
		DEEEAB78169A726A00AEFC99 /* InfoPlist.strings */ = {
			isa = PBXVariantGroup;
			children = (
				DEEEAB79169A726A00AEFC99 /* en */,
			);
			name = InfoPlist.strings;
			sourceTree = "<group>";
		};
		DEEEAB8A169A726A00AEFC99 /* MainStoryboard_iPad.storyboard */ = {
			isa = PBXVariantGroup;
			children = (
				DEEEAB8B169A726A00AEFC99 /* en */,
			);
			name = MainStoryboard_iPad.storyboard;
			sourceTree = "<group>";
		};
/* End PBXVariantGroup section */

/* Begin XCBuildConfiguration section */
		DEEEAB90169A726A00AEFC99 /* Debug */ = {
			isa = XCBuildConfiguration;
			buildSettings = {
				ALWAYS_SEARCH_USER_PATHS = NO;
				CLANG_CXX_LANGUAGE_STANDARD = "gnu++0x";
				CLANG_CXX_LIBRARY = "libc++";
				CLANG_ENABLE_OBJC_ARC = YES;
				CLANG_WARN_EMPTY_BODY = YES;
				CLANG_WARN__DUPLICATE_METHOD_MATCH = YES;
				"CODE_SIGN_IDENTITY[sdk=iphoneos*]" = "iPhone Developer";
				COPY_PHASE_STRIP = NO;
				GCC_C_LANGUAGE_STANDARD = gnu99;
				GCC_DYNAMIC_NO_PIC = NO;
				GCC_OPTIMIZATION_LEVEL = 0;
				GCC_PREPROCESSOR_DEFINITIONS = (
					"DEBUG=1",
					"$(inherited)",
				);
				GCC_SYMBOLS_PRIVATE_EXTERN = NO;
				GCC_WARN_ABOUT_RETURN_TYPE = YES;
				GCC_WARN_UNINITIALIZED_AUTOS = YES;
				GCC_WARN_UNUSED_VARIABLE = YES;
				IPHONEOS_DEPLOYMENT_TARGET = 5.1;
				ONLY_ACTIVE_ARCH = YES;
				SDKROOT = iphoneos;
				TARGETED_DEVICE_FAMILY = "1,2";
			};
			name = Debug;
		};
		DEEEAB91169A726A00AEFC99 /* Release */ = {
			isa = XCBuildConfiguration;
			buildSettings = {
				ALWAYS_SEARCH_USER_PATHS = NO;
				CLANG_CXX_LANGUAGE_STANDARD = "gnu++0x";
				CLANG_CXX_LIBRARY = "libc++";
				CLANG_ENABLE_OBJC_ARC = YES;
				CLANG_WARN_EMPTY_BODY = YES;
				CLANG_WARN__DUPLICATE_METHOD_MATCH = YES;
				CODE_SIGN_IDENTITY = "iPhone Distribution";
				"CODE_SIGN_IDENTITY[sdk=iphoneos*]" = "iPhone Distribution";
				COPY_PHASE_STRIP = YES;
				GCC_C_LANGUAGE_STANDARD = gnu99;
				GCC_WARN_ABOUT_RETURN_TYPE = YES;
				GCC_WARN_UNINITIALIZED_AUTOS = YES;
				GCC_WARN_UNUSED_VARIABLE = YES;
				IPHONEOS_DEPLOYMENT_TARGET = 5.1;
				OTHER_CFLAGS = "-DNS_BLOCK_ASSERTIONS=1";
				PROVISIONING_PROFILE = "";
				"PROVISIONING_PROFILE[sdk=iphoneos*]" = "";
				SDKROOT = iphoneos;
				TARGETED_DEVICE_FAMILY = "1,2";
				VALIDATE_PRODUCT = YES;
			};
			name = Release;
		};
		DEEEAB93169A726A00AEFC99 /* Debug */ = {
			isa = XCBuildConfiguration;
			buildSettings = {
				CODE_SIGN_IDENTITY = "iPhone Developer";
				GCC_PRECOMPILE_PREFIX_HEADER = YES;
				GCC_PREFIX_HEADER = "Readback/Readback-Prefix.pch";
				INFOPLIST_FILE = "Readback/Readback-Info.plist";
				IPHONEOS_DEPLOYMENT_TARGET = 5.1;
				PRODUCT_NAME = "$(TARGET_NAME)";
				PROVISIONING_PROFILE = "";
				TARGETED_DEVICE_FAMILY = 2;
				WRAPPER_EXTENSION = app;
			};
			name = Debug;
		};
		DEEEAB94169A726A00AEFC99 /* Release */ = {
			isa = XCBuildConfiguration;
			buildSettings = {
				CODE_SIGN_IDENTITY = "iPhone Distribution";
				"CODE_SIGN_IDENTITY[sdk=iphoneos*]" = "iPhone Distribution";
				GCC_PRECOMPILE_PREFIX_HEADER = YES;
				GCC_PREFIX_HEADER = "Readback/Readback-Prefix.pch";
				INFOPLIST_FILE = "Readback/Readback-Info.plist";
				IPHONEOS_DEPLOYMENT_TARGET = 5.1;
				PRODUCT_NAME = "$(TARGET_NAME)";
				PROVISIONING_PROFILE = "";
				"PROVISIONING_PROFILE[sdk=iphoneos*]" = "";
				TARGETED_DEVICE_FAMILY = 2;
				WRAPPER_EXTENSION = app;
			};
			name = Release;
		};
/* End XCBuildConfiguration section */

/* Begin XCConfigurationList section */
		DEEEAB65169A726A00AEFC99 /* Build configuration list for PBXProject "Readback" */ = {
			isa = XCConfigurationList;
			buildConfigurations = (
				DEEEAB90169A726A00AEFC99 /* Debug */,
				DEEEAB91169A726A00AEFC99 /* Release */,
			);
			defaultConfigurationIsVisible = 0;
			defaultConfigurationName = Release;
		};
		DEEEAB92169A726A00AEFC99 /* Build configuration list for PBXNativeTarget "Readback" */ = {
			isa = XCConfigurationList;
			buildConfigurations = (
				DEEEAB93169A726A00AEFC99 /* Debug */,
				DEEEAB94169A726A00AEFC99 /* Release */,
			);
			defaultConfigurationIsVisible = 0;
			defaultConfigurationName = Release;
		};
/* End XCConfigurationList section */
	};
	rootObject = DEEEAB62169A726A00AEFC99 /* Project object */;
}
